// !$*UTF8*$!
{
	archiveVersion = 1;
	classes = {
	};
	objectVersion = 55;
	objects = {

/* Begin PBXBuildFile section */
		AAF8876927CEDED4006FDA0F /* AppDelegate.swift in Sources */ = {isa = PBXBuildFile; fileRef = AAF8876827CEDED4006FDA0F /* AppDelegate.swift */; };
		AAF8876B27CEDED4006FDA0F /* SceneDelegate.swift in Sources */ = {isa = PBXBuildFile; fileRef = AAF8876A27CEDED4006FDA0F /* SceneDelegate.swift */; };
		AAF8876D27CEDED4006FDA0F /* ViewController.swift in Sources */ = {isa = PBXBuildFile; fileRef = AAF8876C27CEDED4006FDA0F /* ViewController.swift */; };
		AAF8877027CEDED4006FDA0F /* Main.storyboard in Resources */ = {isa = PBXBuildFile; fileRef = AAF8876E27CEDED4006FDA0F /* Main.storyboard */; };
		AAF8877227CEDED6006FDA0F /* Assets.xcassets in Resources */ = {isa = PBXBuildFile; fileRef = AAF8877127CEDED6006FDA0F /* Assets.xcassets */; };
		AAF8877527CEDED6006FDA0F /* LaunchScreen.storyboard in Resources */ = {isa = PBXBuildFile; fileRef = AAF8877327CEDED6006FDA0F /* LaunchScreen.storyboard */; };
		AAF8878027CEDED7006FDA0F /* Lab05AbsolutesTests.swift in Sources */ = {isa = PBXBuildFile; fileRef = AAF8877F27CEDED7006FDA0F /* Lab05AbsolutesTests.swift */; };
		AAF8878A27CEDED7006FDA0F /* Lab05AbsolutesUITests.swift in Sources */ = {isa = PBXBuildFile; fileRef = AAF8878927CEDED7006FDA0F /* Lab05AbsolutesUITests.swift */; };
		AAF8878C27CEDED7006FDA0F /* Lab05AbsolutesUITestsLaunchTests.swift in Sources */ = {isa = PBXBuildFile; fileRef = AAF8878B27CEDED7006FDA0F /* Lab05AbsolutesUITestsLaunchTests.swift */; };
/* End PBXBuildFile section */

/* Begin PBXContainerItemProxy section */
		AAF8877C27CEDED7006FDA0F /* PBXContainerItemProxy */ = {
			isa = PBXContainerItemProxy;
			containerPortal = AAF8875D27CEDED4006FDA0F /* Project object */;
			proxyType = 1;
			remoteGlobalIDString = AAF8876427CEDED4006FDA0F;
			remoteInfo = Lab05Absolutes;
		};
		AAF8878627CEDED7006FDA0F /* PBXContainerItemProxy */ = {
			isa = PBXContainerItemProxy;
			containerPortal = AAF8875D27CEDED4006FDA0F /* Project object */;
			proxyType = 1;
			remoteGlobalIDString = AAF8876427CEDED4006FDA0F;
			remoteInfo = Lab05Absolutes;
		};
/* End PBXContainerItemProxy section */

/* Begin PBXFileReference section */
		AAF8876527CEDED4006FDA0F /* Lab05Absolutes.app */ = {isa = PBXFileReference; explicitFileType = wrapper.application; includeInIndex = 0; path = Lab05Absolutes.app; sourceTree = BUILT_PRODUCTS_DIR; };
		AAF8876827CEDED4006FDA0F /* AppDelegate.swift */ = {isa = PBXFileReference; lastKnownFileType = sourcecode.swift; path = AppDelegate.swift; sourceTree = "<group>"; };
		AAF8876A27CEDED4006FDA0F /* SceneDelegate.swift */ = {isa = PBXFileReference; lastKnownFileType = sourcecode.swift; path = SceneDelegate.swift; sourceTree = "<group>"; };
		AAF8876C27CEDED4006FDA0F /* ViewController.swift */ = {isa = PBXFileReference; lastKnownFileType = sourcecode.swift; path = ViewController.swift; sourceTree = "<group>"; };
		AAF8876F27CEDED4006FDA0F /* Base */ = {isa = PBXFileReference; lastKnownFileType = file.storyboard; name = Base; path = Base.lproj/Main.storyboard; sourceTree = "<group>"; };
		AAF8877127CEDED6006FDA0F /* Assets.xcassets */ = {isa = PBXFileReference; lastKnownFileType = folder.assetcatalog; path = Assets.xcassets; sourceTree = "<group>"; };
		AAF8877427CEDED6006FDA0F /* Base */ = {isa = PBXFileReference; lastKnownFileType = file.storyboard; name = Base; path = Base.lproj/LaunchScreen.storyboard; sourceTree = "<group>"; };
		AAF8877627CEDED6006FDA0F /* Info.plist */ = {isa = PBXFileReference; lastKnownFileType = text.plist.xml; path = Info.plist; sourceTree = "<group>"; };
		AAF8877B27CEDED7006FDA0F /* Lab05AbsolutesTests.xctest */ = {isa = PBXFileReference; explicitFileType = wrapper.cfbundle; includeInIndex = 0; path = Lab05AbsolutesTests.xctest; sourceTree = BUILT_PRODUCTS_DIR; };
		AAF8877F27CEDED7006FDA0F /* Lab05AbsolutesTests.swift */ = {isa = PBXFileReference; lastKnownFileType = sourcecode.swift; path = Lab05AbsolutesTests.swift; sourceTree = "<group>"; };
		AAF8878527CEDED7006FDA0F /* Lab05AbsolutesUITests.xctest */ = {isa = PBXFileReference; explicitFileType = wrapper.cfbundle; includeInIndex = 0; path = Lab05AbsolutesUITests.xctest; sourceTree = BUILT_PRODUCTS_DIR; };
		AAF8878927CEDED7006FDA0F /* Lab05AbsolutesUITests.swift */ = {isa = PBXFileReference; lastKnownFileType = sourcecode.swift; path = Lab05AbsolutesUITests.swift; sourceTree = "<group>"; };
		AAF8878B27CEDED7006FDA0F /* Lab05AbsolutesUITestsLaunchTests.swift */ = {isa = PBXFileReference; lastKnownFileType = sourcecode.swift; path = Lab05AbsolutesUITestsLaunchTests.swift; sourceTree = "<group>"; };
/* End PBXFileReference section */

/* Begin PBXFrameworksBuildPhase section */
		AAF8876227CEDED4006FDA0F /* Frameworks */ = {
			isa = PBXFrameworksBuildPhase;
			buildActionMask = 2147483647;
			files = (
			);
			runOnlyForDeploymentPostprocessing = 0;
		};
		AAF8877827CEDED7006FDA0F /* Frameworks */ = {
			isa = PBXFrameworksBuildPhase;
			buildActionMask = 2147483647;
			files = (
			);
			runOnlyForDeploymentPostprocessing = 0;
		};
		AAF8878227CEDED7006FDA0F /* Frameworks */ = {
			isa = PBXFrameworksBuildPhase;
			buildActionMask = 2147483647;
			files = (
			);
			runOnlyForDeploymentPostprocessing = 0;
		};
/* End PBXFrameworksBuildPhase section */

/* Begin PBXGroup section */
		AAF8875C27CEDED4006FDA0F = {
			isa = PBXGroup;
			children = (
				AAF8876727CEDED4006FDA0F /* Lab05Absolutes */,
				AAF8877E27CEDED7006FDA0F /* Lab05AbsolutesTests */,
				AAF8878827CEDED7006FDA0F /* Lab05AbsolutesUITests */,
				AAF8876627CEDED4006FDA0F /* Products */,
			);
			sourceTree = "<group>";
		};
		AAF8876627CEDED4006FDA0F /* Products */ = {
			isa = PBXGroup;
			children = (
				AAF8876527CEDED4006FDA0F /* Lab05Absolutes.app */,
				AAF8877B27CEDED7006FDA0F /* Lab05AbsolutesTests.xctest */,
				AAF8878527CEDED7006FDA0F /* Lab05AbsolutesUITests.xctest */,
			);
			name = Products;
			sourceTree = "<group>";
		};
		AAF8876727CEDED4006FDA0F /* Lab05Absolutes */ = {
			isa = PBXGroup;
			children = (
				AAF8876827CEDED4006FDA0F /* AppDelegate.swift */,
				AAF8876A27CEDED4006FDA0F /* SceneDelegate.swift */,
				AAF8876C27CEDED4006FDA0F /* ViewController.swift */,
				AAF8876E27CEDED4006FDA0F /* Main.storyboard */,
				AAF8877127CEDED6006FDA0F /* Assets.xcassets */,
				AAF8877327CEDED6006FDA0F /* LaunchScreen.storyboard */,
				AAF8877627CEDED6006FDA0F /* Info.plist */,
			);
			path = Lab05Absolutes;
			sourceTree = "<group>";
		};
		AAF8877E27CEDED7006FDA0F /* Lab05AbsolutesTests */ = {
			isa = PBXGroup;
			children = (
				AAF8877F27CEDED7006FDA0F /* Lab05AbsolutesTests.swift */,
			);
			path = Lab05AbsolutesTests;
			sourceTree = "<group>";
		};
		AAF8878827CEDED7006FDA0F /* Lab05AbsolutesUITests */ = {
			isa = PBXGroup;
			children = (
				AAF8878927CEDED7006FDA0F /* Lab05AbsolutesUITests.swift */,
				AAF8878B27CEDED7006FDA0F /* Lab05AbsolutesUITestsLaunchTests.swift */,
			);
			path = Lab05AbsolutesUITests;
			sourceTree = "<group>";
		};
/* End PBXGroup section */

/* Begin PBXNativeTarget section */
		AAF8876427CEDED4006FDA0F /* Lab05Absolutes */ = {
			isa = PBXNativeTarget;
			buildConfigurationList = AAF8878F27CEDED7006FDA0F /* Build configuration list for PBXNativeTarget "Lab05Absolutes" */;
			buildPhases = (
				AAF8876127CEDED4006FDA0F /* Sources */,
				AAF8876227CEDED4006FDA0F /* Frameworks */,
				AAF8876327CEDED4006FDA0F /* Resources */,
			);
			buildRules = (
			);
			dependencies = (
			);
			name = Lab05Absolutes;
			productName = Lab05Absolutes;
			productReference = AAF8876527CEDED4006FDA0F /* Lab05Absolutes.app */;
			productType = "com.apple.product-type.application";
		};
		AAF8877A27CEDED7006FDA0F /* Lab05AbsolutesTests */ = {
			isa = PBXNativeTarget;
			buildConfigurationList = AAF8879227CEDED7006FDA0F /* Build configuration list for PBXNativeTarget "Lab05AbsolutesTests" */;
			buildPhases = (
				AAF8877727CEDED7006FDA0F /* Sources */,
				AAF8877827CEDED7006FDA0F /* Frameworks */,
				AAF8877927CEDED7006FDA0F /* Resources */,
			);
			buildRules = (
			);
			dependencies = (
				AAF8877D27CEDED7006FDA0F /* PBXTargetDependency */,
			);
			name = Lab05AbsolutesTests;
			productName = Lab05AbsolutesTests;
			productReference = AAF8877B27CEDED7006FDA0F /* Lab05AbsolutesTests.xctest */;
			productType = "com.apple.product-type.bundle.unit-test";
		};
		AAF8878427CEDED7006FDA0F /* Lab05AbsolutesUITests */ = {
			isa = PBXNativeTarget;
			buildConfigurationList = AAF8879527CEDED7006FDA0F /* Build configuration list for PBXNativeTarget "Lab05AbsolutesUITests" */;
			buildPhases = (
				AAF8878127CEDED7006FDA0F /* Sources */,
				AAF8878227CEDED7006FDA0F /* Frameworks */,
				AAF8878327CEDED7006FDA0F /* Resources */,
			);
			buildRules = (
			);
			dependencies = (
				AAF8878727CEDED7006FDA0F /* PBXTargetDependency */,
			);
			name = Lab05AbsolutesUITests;
			productName = Lab05AbsolutesUITests;
			productReference = AAF8878527CEDED7006FDA0F /* Lab05AbsolutesUITests.xctest */;
			productType = "com.apple.product-type.bundle.ui-testing";
		};
/* End PBXNativeTarget section */

/* Begin PBXProject section */
		AAF8875D27CEDED4006FDA0F /* Project object */ = {
			isa = PBXProject;
			attributes = {
				BuildIndependentTargetsInParallel = 1;
				LastSwiftUpdateCheck = 1320;
				LastUpgradeCheck = 1320;
				TargetAttributes = {
					AAF8876427CEDED4006FDA0F = {
						CreatedOnToolsVersion = 13.2.1;
					};
					AAF8877A27CEDED7006FDA0F = {
						CreatedOnToolsVersion = 13.2.1;
						TestTargetID = AAF8876427CEDED4006FDA0F;
					};
					AAF8878427CEDED7006FDA0F = {
						CreatedOnToolsVersion = 13.2.1;
						TestTargetID = AAF8876427CEDED4006FDA0F;
					};
				};
			};
			buildConfigurationList = AAF8876027CEDED4006FDA0F /* Build configuration list for PBXProject "Lab05Absolutes" */;
			compatibilityVersion = "Xcode 13.0";
			developmentRegion = en;
			hasScannedForEncodings = 0;
			knownRegions = (
				en,
				Base,
			);
			mainGroup = AAF8875C27CEDED4006FDA0F;
			productRefGroup = AAF8876627CEDED4006FDA0F /* Products */;
			projectDirPath = "";
			projectRoot = "";
			targets = (
				AAF8876427CEDED4006FDA0F /* Lab05Absolutes */,
				AAF8877A27CEDED7006FDA0F /* Lab05AbsolutesTests */,
				AAF8878427CEDED7006FDA0F /* Lab05AbsolutesUITests */,
			);
		};
/* End PBXProject section */

/* Begin PBXResourcesBuildPhase section */
		AAF8876327CEDED4006FDA0F /* Resources */ = {
			isa = PBXResourcesBuildPhase;
			buildActionMask = 2147483647;
			files = (
				AAF8877527CEDED6006FDA0F /* LaunchScreen.storyboard in Resources */,
				AAF8877227CEDED6006FDA0F /* Assets.xcassets in Resources */,
				AAF8877027CEDED4006FDA0F /* Main.storyboard in Resources */,
			);
			runOnlyForDeploymentPostprocessing = 0;
		};
		AAF8877927CEDED7006FDA0F /* Resources */ = {
			isa = PBXResourcesBuildPhase;
			buildActionMask = 2147483647;
			files = (
			);
			runOnlyForDeploymentPostprocessing = 0;
		};
		AAF8878327CEDED7006FDA0F /* Resources */ = {
			isa = PBXResourcesBuildPhase;
			buildActionMask = 2147483647;
			files = (
			);
			runOnlyForDeploymentPostprocessing = 0;
		};
/* End PBXResourcesBuildPhase section */

/* Begin PBXSourcesBuildPhase section */
		AAF8876127CEDED4006FDA0F /* Sources */ = {
			isa = PBXSourcesBuildPhase;
			buildActionMask = 2147483647;
			files = (
				AAF8876D27CEDED4006FDA0F /* ViewController.swift in Sources */,
				AAF8876927CEDED4006FDA0F /* AppDelegate.swift in Sources */,
				AAF8876B27CEDED4006FDA0F /* SceneDelegate.swift in Sources */,
			);
			runOnlyForDeploymentPostprocessing = 0;
		};
		AAF8877727CEDED7006FDA0F /* Sources */ = {
			isa = PBXSourcesBuildPhase;
			buildActionMask = 2147483647;
			files = (
				AAF8878027CEDED7006FDA0F /* Lab05AbsolutesTests.swift in Sources */,
			);
			runOnlyForDeploymentPostprocessing = 0;
		};
		AAF8878127CEDED7006FDA0F /* Sources */ = {
			isa = PBXSourcesBuildPhase;
			buildActionMask = 2147483647;
			files = (
				AAF8878C27CEDED7006FDA0F /* Lab05AbsolutesUITestsLaunchTests.swift in Sources */,
				AAF8878A27CEDED7006FDA0F /* Lab05AbsolutesUITests.swift in Sources */,
			);
			runOnlyForDeploymentPostprocessing = 0;
		};
/* End PBXSourcesBuildPhase section */

/* Begin PBXTargetDependency section */
		AAF8877D27CEDED7006FDA0F /* PBXTargetDependency */ = {
			isa = PBXTargetDependency;
			target = AAF8876427CEDED4006FDA0F /* Lab05Absolutes */;
			targetProxy = AAF8877C27CEDED7006FDA0F /* PBXContainerItemProxy */;
		};
		AAF8878727CEDED7006FDA0F /* PBXTargetDependency */ = {
			isa = PBXTargetDependency;
			target = AAF8876427CEDED4006FDA0F /* Lab05Absolutes */;
			targetProxy = AAF8878627CEDED7006FDA0F /* PBXContainerItemProxy */;
		};
/* End PBXTargetDependency section */

/* Begin PBXVariantGroup section */
		AAF8876E27CEDED4006FDA0F /* Main.storyboard */ = {
			isa = PBXVariantGroup;
			children = (
				AAF8876F27CEDED4006FDA0F /* Base */,
			);
			name = Main.storyboard;
			sourceTree = "<group>";
		};
		AAF8877327CEDED6006FDA0F /* LaunchScreen.storyboard */ = {
			isa = PBXVariantGroup;
			children = (
				AAF8877427CEDED6006FDA0F /* Base */,
			);
			name = LaunchScreen.storyboard;
			sourceTree = "<group>";
		};
/* End PBXVariantGroup section */

/* Begin XCBuildConfiguration section */
		AAF8878D27CEDED7006FDA0F /* Debug */ = {
			isa = XCBuildConfiguration;
			buildSettings = {
				ALWAYS_SEARCH_USER_PATHS = NO;
				CLANG_ANALYZER_NONNULL = YES;
				CLANG_ANALYZER_NUMBER_OBJECT_CONVERSION = YES_AGGRESSIVE;
				CLANG_CXX_LANGUAGE_STANDARD = "gnu++17";
				CLANG_CXX_LIBRARY = "libc++";
				CLANG_ENABLE_MODULES = YES;
				CLANG_ENABLE_OBJC_ARC = YES;
				CLANG_ENABLE_OBJC_WEAK = YES;
				CLANG_WARN_BLOCK_CAPTURE_AUTORELEASING = YES;
				CLANG_WARN_BOOL_CONVERSION = YES;
				CLANG_WARN_COMMA = YES;
				CLANG_WARN_CONSTANT_CONVERSION = YES;
				CLANG_WARN_DEPRECATED_OBJC_IMPLEMENTATIONS = YES;
				CLANG_WARN_DIRECT_OBJC_ISA_USAGE = YES_ERROR;
				CLANG_WARN_DOCUMENTATION_COMMENTS = YES;
				CLANG_WARN_EMPTY_BODY = YES;
				CLANG_WARN_ENUM_CONVERSION = YES;
				CLANG_WARN_INFINITE_RECURSION = YES;
				CLANG_WARN_INT_CONVERSION = YES;
				CLANG_WARN_NON_LITERAL_NULL_CONVERSION = YES;
				CLANG_WARN_OBJC_IMPLICIT_RETAIN_SELF = YES;
				CLANG_WARN_OBJC_LITERAL_CONVERSION = YES;
				CLANG_WARN_OBJC_ROOT_CLASS = YES_ERROR;
				CLANG_WARN_QUOTED_INCLUDE_IN_FRAMEWORK_HEADER = YES;
				CLANG_WARN_RANGE_LOOP_ANALYSIS = YES;
				CLANG_WARN_STRICT_PROTOTYPES = YES;
				CLANG_WARN_SUSPICIOUS_MOVE = YES;
				CLANG_WARN_UNGUARDED_AVAILABILITY = YES_AGGRESSIVE;
				CLANG_WARN_UNREACHABLE_CODE = YES;
				CLANG_WARN__DUPLICATE_METHOD_MATCH = YES;
				COPY_PHASE_STRIP = NO;
				DEBUG_INFORMATION_FORMAT = dwarf;
				ENABLE_STRICT_OBJC_MSGSEND = YES;
				ENABLE_TESTABILITY = YES;
				GCC_C_LANGUAGE_STANDARD = gnu11;
				GCC_DYNAMIC_NO_PIC = NO;
				GCC_NO_COMMON_BLOCKS = YES;
				GCC_OPTIMIZATION_LEVEL = 0;
				GCC_PREPROCESSOR_DEFINITIONS = (
					"DEBUG=1",
					"$(inherited)",
				);
				GCC_WARN_64_TO_32_BIT_CONVERSION = YES;
				GCC_WARN_ABOUT_RETURN_TYPE = YES_ERROR;
				GCC_WARN_UNDECLARED_SELECTOR = YES;
				GCC_WARN_UNINITIALIZED_AUTOS = YES_AGGRESSIVE;
				GCC_WARN_UNUSED_FUNCTION = YES;
				GCC_WARN_UNUSED_VARIABLE = YES;
				IPHONEOS_DEPLOYMENT_TARGET = 15.2;
				MTL_ENABLE_DEBUG_INFO = INCLUDE_SOURCE;
				MTL_FAST_MATH = YES;
				ONLY_ACTIVE_ARCH = YES;
				SDKROOT = iphoneos;
				SWIFT_ACTIVE_COMPILATION_CONDITIONS = DEBUG;
				SWIFT_OPTIMIZATION_LEVEL = "-Onone";
			};
			name = Debug;
		};
		AAF8878E27CEDED7006FDA0F /* Release */ = {
			isa = XCBuildConfiguration;
			buildSettings = {
				ALWAYS_SEARCH_USER_PATHS = NO;
				CLANG_ANALYZER_NONNULL = YES;
				CLANG_ANALYZER_NUMBER_OBJECT_CONVERSION = YES_AGGRESSIVE;
				CLANG_CXX_LANGUAGE_STANDARD = "gnu++17";
				CLANG_CXX_LIBRARY = "libc++";
				CLANG_ENABLE_MODULES = YES;
				CLANG_ENABLE_OBJC_ARC = YES;
				CLANG_ENABLE_OBJC_WEAK = YES;
				CLANG_WARN_BLOCK_CAPTURE_AUTORELEASING = YES;
				CLANG_WARN_BOOL_CONVERSION = YES;
				CLANG_WARN_COMMA = YES;
				CLANG_WARN_CONSTANT_CONVERSION = YES;
				CLANG_WARN_DEPRECATED_OBJC_IMPLEMENTATIONS = YES;
				CLANG_WARN_DIRECT_OBJC_ISA_USAGE = YES_ERROR;
				CLANG_WARN_DOCUMENTATION_COMMENTS = YES;
				CLANG_WARN_EMPTY_BODY = YES;
				CLANG_WARN_ENUM_CONVERSION = YES;
				CLANG_WARN_INFINITE_RECURSION = YES;
				CLANG_WARN_INT_CONVERSION = YES;
				CLANG_WARN_NON_LITERAL_NULL_CONVERSION = YES;
				CLANG_WARN_OBJC_IMPLICIT_RETAIN_SELF = YES;
				CLANG_WARN_OBJC_LITERAL_CONVERSION = YES;
				CLANG_WARN_OBJC_ROOT_CLASS = YES_ERROR;
				CLANG_WARN_QUOTED_INCLUDE_IN_FRAMEWORK_HEADER = YES;
				CLANG_WARN_RANGE_LOOP_ANALYSIS = YES;
				CLANG_WARN_STRICT_PROTOTYPES = YES;
				CLANG_WARN_SUSPICIOUS_MOVE = YES;
				CLANG_WARN_UNGUARDED_AVAILABILITY = YES_AGGRESSIVE;
				CLANG_WARN_UNREACHABLE_CODE = YES;
				CLANG_WARN__DUPLICATE_METHOD_MATCH = YES;
				COPY_PHASE_STRIP = NO;
				DEBUG_INFORMATION_FORMAT = "dwarf-with-dsym";
				ENABLE_NS_ASSERTIONS = NO;
				ENABLE_STRICT_OBJC_MSGSEND = YES;
				GCC_C_LANGUAGE_STANDARD = gnu11;
				GCC_NO_COMMON_BLOCKS = YES;
				GCC_WARN_64_TO_32_BIT_CONVERSION = YES;
				GCC_WARN_ABOUT_RETURN_TYPE = YES_ERROR;
				GCC_WARN_UNDECLARED_SELECTOR = YES;
				GCC_WARN_UNINITIALIZED_AUTOS = YES_AGGRESSIVE;
				GCC_WARN_UNUSED_FUNCTION = YES;
				GCC_WARN_UNUSED_VARIABLE = YES;
				IPHONEOS_DEPLOYMENT_TARGET = 15.2;
				MTL_ENABLE_DEBUG_INFO = NO;
				MTL_FAST_MATH = YES;
				SDKROOT = iphoneos;
				SWIFT_COMPILATION_MODE = wholemodule;
				SWIFT_OPTIMIZATION_LEVEL = "-O";
				VALIDATE_PRODUCT = YES;
			};
			name = Release;
		};
		AAF8879027CEDED7006FDA0F /* Debug */ = {
			isa = XCBuildConfiguration;
			buildSettings = {
				ASSETCATALOG_COMPILER_APPICON_NAME = AppIcon;
				ASSETCATALOG_COMPILER_GLOBAL_ACCENT_COLOR_NAME = AccentColor;
				CODE_SIGN_STYLE = Automatic;
				CURRENT_PROJECT_VERSION = 1;
				DEVELOPMENT_TEAM = 35968U3U3Q;
				GENERATE_INFOPLIST_FILE = YES;
				INFOPLIST_FILE = Lab05Absolutes/Info.plist;
				INFOPLIST_KEY_UIApplicationSupportsIndirectInputEvents = YES;
				INFOPLIST_KEY_UILaunchStoryboardName = LaunchScreen;
				INFOPLIST_KEY_UIMainStoryboardFile = Main;
				INFOPLIST_KEY_UISupportedInterfaceOrientations_iPad = "UIInterfaceOrientationPortrait UIInterfaceOrientationPortraitUpsideDown UIInterfaceOrientationLandscapeLeft UIInterfaceOrientationLandscapeRight";
				INFOPLIST_KEY_UISupportedInterfaceOrientations_iPhone = "UIInterfaceOrientationPortrait UIInterfaceOrientationLandscapeLeft UIInterfaceOrientationLandscapeRight";
				LD_RUNPATH_SEARCH_PATHS = (
					"$(inherited)",
					"@executable_path/Frameworks",
				);
				MARKETING_VERSION = 1.0;
				PRODUCT_BUNDLE_IDENTIFIER = edu.athens.Lab05Absolutes;
				PRODUCT_NAME = "$(TARGET_NAME)";
				SWIFT_EMIT_LOC_STRINGS = YES;
				SWIFT_VERSION = 5.0;
				TARGETED_DEVICE_FAMILY = "1,2";
			};
			name = Debug;
		};
		AAF8879127CEDED7006FDA0F /* Release */ = {
			isa = XCBuildConfiguration;
			buildSettings = {
				ASSETCATALOG_COMPILER_APPICON_NAME = AppIcon;
				ASSETCATALOG_COMPILER_GLOBAL_ACCENT_COLOR_NAME = AccentColor;
				CODE_SIGN_STYLE = Automatic;
				CURRENT_PROJECT_VERSION = 1;
				DEVELOPMENT_TEAM = 35968U3U3Q;
				GENERATE_INFOPLIST_FILE = YES;
				INFOPLIST_FILE = Lab05Absolutes/Info.plist;
				INFOPLIST_KEY_UIApplicationSupportsIndirectInputEvents = YES;
				INFOPLIST_KEY_UILaunchStoryboardName = LaunchScreen;
				INFOPLIST_KEY_UIMainStoryboardFile = Main;
				INFOPLIST_KEY_UISupportedInterfaceOrientations_iPad = "UIInterfaceOrientationPortrait UIInterfaceOrientationPortraitUpsideDown UIInterfaceOrientationLandscapeLeft UIInterfaceOrientationLandscapeRight";
				INFOPLIST_KEY_UISupportedInterfaceOrientations_iPhone = "UIInterfaceOrientationPortrait UIInterfaceOrientationLandscapeLeft UIInterfaceOrientationLandscapeRight";
				LD_RUNPATH_SEARCH_PATHS = (
					"$(inherited)",
					"@executable_path/Frameworks",
				);
				MARKETING_VERSION = 1.0;
				PRODUCT_BUNDLE_IDENTIFIER = edu.athens.Lab05Absolutes;
				PRODUCT_NAME = "$(TARGET_NAME)";
				SWIFT_EMIT_LOC_STRINGS = YES;
				SWIFT_VERSION = 5.0;
				TARGETED_DEVICE_FAMILY = "1,2";
			};
			name = Release;
		};
		AAF8879327CEDED7006FDA0F /* Debug */ = {
			isa = XCBuildConfiguration;
			buildSettings = {
				ALWAYS_EMBED_SWIFT_STANDARD_LIBRARIES = YES;
				BUNDLE_LOADER = "$(TEST_HOST)";
				CODE_SIGN_STYLE = Automatic;
				CURRENT_PROJECT_VERSION = 1;
				DEVELOPMENT_TEAM = 35968U3U3Q;
				GENERATE_INFOPLIST_FILE = YES;
				IPHONEOS_DEPLOYMENT_TARGET = 15.2;
				MARKETING_VERSION = 1.0;
				PRODUCT_BUNDLE_IDENTIFIER = edu.athens.Lab05AbsolutesTests;
				PRODUCT_NAME = "$(TARGET_NAME)";
				SWIFT_EMIT_LOC_STRINGS = NO;
				SWIFT_VERSION = 5.0;
				TARGETED_DEVICE_FAMILY = "1,2";
				TEST_HOST = "$(BUILT_PRODUCTS_DIR)/Lab05Absolutes.app/Lab05Absolutes";
			};
			name = Debug;
		};
		AAF8879427CEDED7006FDA0F /* Release */ = {
			isa = XCBuildConfiguration;
			buildSettings = {
				ALWAYS_EMBED_SWIFT_STANDARD_LIBRARIES = YES;
				BUNDLE_LOADER = "$(TEST_HOST)";
				CODE_SIGN_STYLE = Automatic;
				CURRENT_PROJECT_VERSION = 1;
				DEVELOPMENT_TEAM = 35968U3U3Q;
				GENERATE_INFOPLIST_FILE = YES;
				IPHONEOS_DEPLOYMENT_TARGET = 15.2;
				MARKETING_VERSION = 1.0;
				PRODUCT_BUNDLE_IDENTIFIER = edu.athens.Lab05AbsolutesTests;
				PRODUCT_NAME = "$(TARGET_NAME)";
				SWIFT_EMIT_LOC_STRINGS = NO;
				SWIFT_VERSION = 5.0;
				TARGETED_DEVICE_FAMILY = "1,2";
				TEST_HOST = "$(BUILT_PRODUCTS_DIR)/Lab05Absolutes.app/Lab05Absolutes";
			};
			name = Release;
		};
		AAF8879627CEDED7006FDA0F /* Debug */ = {
			isa = XCBuildConfiguration;
			buildSettings = {
				ALWAYS_EMBED_SWIFT_STANDARD_LIBRARIES = YES;
				CODE_SIGN_STYLE = Automatic;
				CURRENT_PROJECT_VERSION = 1;
				DEVELOPMENT_TEAM = 35968U3U3Q;
				GENERATE_INFOPLIST_FILE = YES;
				MARKETING_VERSION = 1.0;
				PRODUCT_BUNDLE_IDENTIFIER = edu.athens.Lab05AbsolutesUITests;
				PRODUCT_NAME = "$(TARGET_NAME)";
				SWIFT_EMIT_LOC_STRINGS = NO;
				SWIFT_VERSION = 5.0;
				TARGETED_DEVICE_FAMILY = "1,2";
				TEST_TARGET_NAME = Lab05Absolutes;
			};
			name = Debug;
		};
		AAF8879727CEDED7006FDA0F /* Release */ = {
			isa = XCBuildConfiguration;
			buildSettings = {
				ALWAYS_EMBED_SWIFT_STANDARD_LIBRARIES = YES;
				CODE_SIGN_STYLE = Automatic;
				CURRENT_PROJECT_VERSION = 1;
				DEVELOPMENT_TEAM = 35968U3U3Q;
				GENERATE_INFOPLIST_FILE = YES;
				MARKETING_VERSION = 1.0;
				PRODUCT_BUNDLE_IDENTIFIER = edu.athens.Lab05AbsolutesUITests;
				PRODUCT_NAME = "$(TARGET_NAME)";
				SWIFT_EMIT_LOC_STRINGS = NO;
				SWIFT_VERSION = 5.0;
				TARGETED_DEVICE_FAMILY = "1,2";
				TEST_TARGET_NAME = Lab05Absolutes;
			};
			name = Release;
		};
/* End XCBuildConfiguration section */

/* Begin XCConfigurationList section */
		AAF8876027CEDED4006FDA0F /* Build configuration list for PBXProject "Lab05Absolutes" */ = {
			isa = XCConfigurationList;
			buildConfigurations = (
				AAF8878D27CEDED7006FDA0F /* Debug */,
				AAF8878E27CEDED7006FDA0F /* Release */,
			);
			defaultConfigurationIsVisible = 0;
			defaultConfigurationName = Release;
		};
		AAF8878F27CEDED7006FDA0F /* Build configuration list for PBXNativeTarget "Lab05Absolutes" */ = {
			isa = XCConfigurationList;
			buildConfigurations = (
				AAF8879027CEDED7006FDA0F /* Debug */,
				AAF8879127CEDED7006FDA0F /* Release */,
			);
			defaultConfigurationIsVisible = 0;
			defaultConfigurationName = Release;
		};
		AAF8879227CEDED7006FDA0F /* Build configuration list for PBXNativeTarget "Lab05AbsolutesTests" */ = {
			isa = XCConfigurationList;
			buildConfigurations = (
				AAF8879327CEDED7006FDA0F /* Debug */,
				AAF8879427CEDED7006FDA0F /* Release */,
			);
			defaultConfigurationIsVisible = 0;
			defaultConfigurationName = Release;
		};
		AAF8879527CEDED7006FDA0F /* Build configuration list for PBXNativeTarget "Lab05AbsolutesUITests" */ = {
			isa = XCConfigurationList;
			buildConfigurations = (
				AAF8879627CEDED7006FDA0F /* Debug */,
				AAF8879727CEDED7006FDA0F /* Release */,
			);
			defaultConfigurationIsVisible = 0;
			defaultConfigurationName = Release;
		};
/* End XCConfigurationList section */
	};
	rootObject = AAF8875D27CEDED4006FDA0F /* Project object */;
}
