// !$*UTF8*$!
{
	archiveVersion = 1;
	classes = {
	};
	objectVersion = 55;
	objects = {

/* Begin PBXBuildFile section */
		AAF886F727CE8C46006FDA0F /* AppDelegate.swift in Sources */ = {isa = PBXBuildFile; fileRef = AAF886F627CE8C46006FDA0F /* AppDelegate.swift */; };
		AAF886F927CE8C46006FDA0F /* SceneDelegate.swift in Sources */ = {isa = PBXBuildFile; fileRef = AAF886F827CE8C46006FDA0F /* SceneDelegate.swift */; };
		AAF886FB27CE8C46006FDA0F /* ViewController.swift in Sources */ = {isa = PBXBuildFile; fileRef = AAF886FA27CE8C46006FDA0F /* ViewController.swift */; };
		AAF886FE27CE8C46006FDA0F /* Main.storyboard in Resources */ = {isa = PBXBuildFile; fileRef = AAF886FC27CE8C46006FDA0F /* Main.storyboard */; };
		AAF8870027CE8C49006FDA0F /* Assets.xcassets in Resources */ = {isa = PBXBuildFile; fileRef = AAF886FF27CE8C49006FDA0F /* Assets.xcassets */; };
		AAF8870327CE8C49006FDA0F /* LaunchScreen.storyboard in Resources */ = {isa = PBXBuildFile; fileRef = AAF8870127CE8C49006FDA0F /* LaunchScreen.storyboard */; };
		AAF8870E27CE8C49006FDA0F /* Lab04QuizTests.swift in Sources */ = {isa = PBXBuildFile; fileRef = AAF8870D27CE8C49006FDA0F /* Lab04QuizTests.swift */; };
		AAF8871827CE8C49006FDA0F /* Lab04QuizUITests.swift in Sources */ = {isa = PBXBuildFile; fileRef = AAF8871727CE8C49006FDA0F /* Lab04QuizUITests.swift */; };
		AAF8871A27CE8C49006FDA0F /* Lab04QuizUITestsLaunchTests.swift in Sources */ = {isa = PBXBuildFile; fileRef = AAF8871927CE8C49006FDA0F /* Lab04QuizUITestsLaunchTests.swift */; };
/* End PBXBuildFile section */

/* Begin PBXContainerItemProxy section */
		AAF8870A27CE8C49006FDA0F /* PBXContainerItemProxy */ = {
			isa = PBXContainerItemProxy;
			containerPortal = AAF886EB27CE8C46006FDA0F /* Project object */;
			proxyType = 1;
			remoteGlobalIDString = AAF886F227CE8C46006FDA0F;
			remoteInfo = Lab04Quiz;
		};
		AAF8871427CE8C49006FDA0F /* PBXContainerItemProxy */ = {
			isa = PBXContainerItemProxy;
			containerPortal = AAF886EB27CE8C46006FDA0F /* Project object */;
			proxyType = 1;
			remoteGlobalIDString = AAF886F227CE8C46006FDA0F;
			remoteInfo = Lab04Quiz;
		};
/* End PBXContainerItemProxy section */

/* Begin PBXFileReference section */
		AAF886F327CE8C46006FDA0F /* Lab04Quiz.app */ = {isa = PBXFileReference; explicitFileType = wrapper.application; includeInIndex = 0; path = Lab04Quiz.app; sourceTree = BUILT_PRODUCTS_DIR; };
		AAF886F627CE8C46006FDA0F /* AppDelegate.swift */ = {isa = PBXFileReference; lastKnownFileType = sourcecode.swift; path = AppDelegate.swift; sourceTree = "<group>"; };
		AAF886F827CE8C46006FDA0F /* SceneDelegate.swift */ = {isa = PBXFileReference; lastKnownFileType = sourcecode.swift; path = SceneDelegate.swift; sourceTree = "<group>"; };
		AAF886FA27CE8C46006FDA0F /* ViewController.swift */ = {isa = PBXFileReference; lastKnownFileType = sourcecode.swift; path = ViewController.swift; sourceTree = "<group>"; };
		AAF886FD27CE8C46006FDA0F /* Base */ = {isa = PBXFileReference; lastKnownFileType = file.storyboard; name = Base; path = Base.lproj/Main.storyboard; sourceTree = "<group>"; };
		AAF886FF27CE8C49006FDA0F /* Assets.xcassets */ = {isa = PBXFileReference; lastKnownFileType = folder.assetcatalog; path = Assets.xcassets; sourceTree = "<group>"; };
		AAF8870227CE8C49006FDA0F /* Base */ = {isa = PBXFileReference; lastKnownFileType = file.storyboard; name = Base; path = Base.lproj/LaunchScreen.storyboard; sourceTree = "<group>"; };
		AAF8870427CE8C49006FDA0F /* Info.plist */ = {isa = PBXFileReference; lastKnownFileType = text.plist.xml; path = Info.plist; sourceTree = "<group>"; };
		AAF8870927CE8C49006FDA0F /* Lab04QuizTests.xctest */ = {isa = PBXFileReference; explicitFileType = wrapper.cfbundle; includeInIndex = 0; path = Lab04QuizTests.xctest; sourceTree = BUILT_PRODUCTS_DIR; };
		AAF8870D27CE8C49006FDA0F /* Lab04QuizTests.swift */ = {isa = PBXFileReference; lastKnownFileType = sourcecode.swift; path = Lab04QuizTests.swift; sourceTree = "<group>"; };
		AAF8871327CE8C49006FDA0F /* Lab04QuizUITests.xctest */ = {isa = PBXFileReference; explicitFileType = wrapper.cfbundle; includeInIndex = 0; path = Lab04QuizUITests.xctest; sourceTree = BUILT_PRODUCTS_DIR; };
		AAF8871727CE8C49006FDA0F /* Lab04QuizUITests.swift */ = {isa = PBXFileReference; lastKnownFileType = sourcecode.swift; path = Lab04QuizUITests.swift; sourceTree = "<group>"; };
		AAF8871927CE8C49006FDA0F /* Lab04QuizUITestsLaunchTests.swift */ = {isa = PBXFileReference; lastKnownFileType = sourcecode.swift; path = Lab04QuizUITestsLaunchTests.swift; sourceTree = "<group>"; };
/* End PBXFileReference section */

/* Begin PBXFrameworksBuildPhase section */
		AAF886F027CE8C46006FDA0F /* Frameworks */ = {
			isa = PBXFrameworksBuildPhase;
			buildActionMask = 2147483647;
			files = (
			);
			runOnlyForDeploymentPostprocessing = 0;
		};
		AAF8870627CE8C49006FDA0F /* Frameworks */ = {
			isa = PBXFrameworksBuildPhase;
			buildActionMask = 2147483647;
			files = (
			);
			runOnlyForDeploymentPostprocessing = 0;
		};
		AAF8871027CE8C49006FDA0F /* Frameworks */ = {
			isa = PBXFrameworksBuildPhase;
			buildActionMask = 2147483647;
			files = (
			);
			runOnlyForDeploymentPostprocessing = 0;
		};
/* End PBXFrameworksBuildPhase section */

/* Begin PBXGroup section */
		AAF886EA27CE8C46006FDA0F = {
			isa = PBXGroup;
			children = (
				AAF886F527CE8C46006FDA0F /* Lab04Quiz */,
				AAF8870C27CE8C49006FDA0F /* Lab04QuizTests */,
				AAF8871627CE8C49006FDA0F /* Lab04QuizUITests */,
				AAF886F427CE8C46006FDA0F /* Products */,
			);
			sourceTree = "<group>";
		};
		AAF886F427CE8C46006FDA0F /* Products */ = {
			isa = PBXGroup;
			children = (
				AAF886F327CE8C46006FDA0F /* Lab04Quiz.app */,
				AAF8870927CE8C49006FDA0F /* Lab04QuizTests.xctest */,
				AAF8871327CE8C49006FDA0F /* Lab04QuizUITests.xctest */,
			);
			name = Products;
			sourceTree = "<group>";
		};
		AAF886F527CE8C46006FDA0F /* Lab04Quiz */ = {
			isa = PBXGroup;
			children = (
				AAF886F627CE8C46006FDA0F /* AppDelegate.swift */,
				AAF886F827CE8C46006FDA0F /* SceneDelegate.swift */,
				AAF886FA27CE8C46006FDA0F /* ViewController.swift */,
				AAF886FC27CE8C46006FDA0F /* Main.storyboard */,
				AAF886FF27CE8C49006FDA0F /* Assets.xcassets */,
				AAF8870127CE8C49006FDA0F /* LaunchScreen.storyboard */,
				AAF8870427CE8C49006FDA0F /* Info.plist */,
			);
			path = Lab04Quiz;
			sourceTree = "<group>";
		};
		AAF8870C27CE8C49006FDA0F /* Lab04QuizTests */ = {
			isa = PBXGroup;
			children = (
				AAF8870D27CE8C49006FDA0F /* Lab04QuizTests.swift */,
			);
			path = Lab04QuizTests;
			sourceTree = "<group>";
		};
		AAF8871627CE8C49006FDA0F /* Lab04QuizUITests */ = {
			isa = PBXGroup;
			children = (
				AAF8871727CE8C49006FDA0F /* Lab04QuizUITests.swift */,
				AAF8871927CE8C49006FDA0F /* Lab04QuizUITestsLaunchTests.swift */,
			);
			path = Lab04QuizUITests;
			sourceTree = "<group>";
		};
/* End PBXGroup section */

/* Begin PBXNativeTarget section */
		AAF886F227CE8C46006FDA0F /* Lab04Quiz */ = {
			isa = PBXNativeTarget;
			buildConfigurationList = AAF8871D27CE8C49006FDA0F /* Build configuration list for PBXNativeTarget "Lab04Quiz" */;
			buildPhases = (
				AAF886EF27CE8C46006FDA0F /* Sources */,
				AAF886F027CE8C46006FDA0F /* Frameworks */,
				AAF886F127CE8C46006FDA0F /* Resources */,
			);
			buildRules = (
			);
			dependencies = (
			);
			name = Lab04Quiz;
			productName = Lab04Quiz;
			productReference = AAF886F327CE8C46006FDA0F /* Lab04Quiz.app */;
			productType = "com.apple.product-type.application";
		};
		AAF8870827CE8C49006FDA0F /* Lab04QuizTests */ = {
			isa = PBXNativeTarget;
			buildConfigurationList = AAF8872027CE8C49006FDA0F /* Build configuration list for PBXNativeTarget "Lab04QuizTests" */;
			buildPhases = (
				AAF8870527CE8C49006FDA0F /* Sources */,
				AAF8870627CE8C49006FDA0F /* Frameworks */,
				AAF8870727CE8C49006FDA0F /* Resources */,
			);
			buildRules = (
			);
			dependencies = (
				AAF8870B27CE8C49006FDA0F /* PBXTargetDependency */,
			);
			name = Lab04QuizTests;
			productName = Lab04QuizTests;
			productReference = AAF8870927CE8C49006FDA0F /* Lab04QuizTests.xctest */;
			productType = "com.apple.product-type.bundle.unit-test";
		};
		AAF8871227CE8C49006FDA0F /* Lab04QuizUITests */ = {
			isa = PBXNativeTarget;
			buildConfigurationList = AAF8872327CE8C49006FDA0F /* Build configuration list for PBXNativeTarget "Lab04QuizUITests" */;
			buildPhases = (
				AAF8870F27CE8C49006FDA0F /* Sources */,
				AAF8871027CE8C49006FDA0F /* Frameworks */,
				AAF8871127CE8C49006FDA0F /* Resources */,
			);
			buildRules = (
			);
			dependencies = (
				AAF8871527CE8C49006FDA0F /* PBXTargetDependency */,
			);
			name = Lab04QuizUITests;
			productName = Lab04QuizUITests;
			productReference = AAF8871327CE8C49006FDA0F /* Lab04QuizUITests.xctest */;
			productType = "com.apple.product-type.bundle.ui-testing";
		};
/* End PBXNativeTarget section */

/* Begin PBXProject section */
		AAF886EB27CE8C46006FDA0F /* Project object */ = {
			isa = PBXProject;
			attributes = {
				BuildIndependentTargetsInParallel = 1;
				LastSwiftUpdateCheck = 1320;
				LastUpgradeCheck = 1320;
				TargetAttributes = {
					AAF886F227CE8C46006FDA0F = {
						CreatedOnToolsVersion = 13.2.1;
					};
					AAF8870827CE8C49006FDA0F = {
						CreatedOnToolsVersion = 13.2.1;
						TestTargetID = AAF886F227CE8C46006FDA0F;
					};
					AAF8871227CE8C49006FDA0F = {
						CreatedOnToolsVersion = 13.2.1;
						TestTargetID = AAF886F227CE8C46006FDA0F;
					};
				};
			};
			buildConfigurationList = AAF886EE27CE8C46006FDA0F /* Build configuration list for PBXProject "Lab04Quiz" */;
			compatibilityVersion = "Xcode 13.0";
			developmentRegion = en;
			hasScannedForEncodings = 0;
			knownRegions = (
				en,
				Base,
			);
			mainGroup = AAF886EA27CE8C46006FDA0F;
			productRefGroup = AAF886F427CE8C46006FDA0F /* Products */;
			projectDirPath = "";
			projectRoot = "";
			targets = (
				AAF886F227CE8C46006FDA0F /* Lab04Quiz */,
				AAF8870827CE8C49006FDA0F /* Lab04QuizTests */,
				AAF8871227CE8C49006FDA0F /* Lab04QuizUITests */,
			);
		};
/* End PBXProject section */

/* Begin PBXResourcesBuildPhase section */
		AAF886F127CE8C46006FDA0F /* Resources */ = {
			isa = PBXResourcesBuildPhase;
			buildActionMask = 2147483647;
			files = (
				AAF8870327CE8C49006FDA0F /* LaunchScreen.storyboard in Resources */,
				AAF8870027CE8C49006FDA0F /* Assets.xcassets in Resources */,
				AAF886FE27CE8C46006FDA0F /* Main.storyboard in Resources */,
			);
			runOnlyForDeploymentPostprocessing = 0;
		};
		AAF8870727CE8C49006FDA0F /* Resources */ = {
			isa = PBXResourcesBuildPhase;
			buildActionMask = 2147483647;
			files = (
			);
			runOnlyForDeploymentPostprocessing = 0;
		};
		AAF8871127CE8C49006FDA0F /* Resources */ = {
			isa = PBXResourcesBuildPhase;
			buildActionMask = 2147483647;
			files = (
			);
			runOnlyForDeploymentPostprocessing = 0;
		};
/* End PBXResourcesBuildPhase section */

/* Begin PBXSourcesBuildPhase section */
		AAF886EF27CE8C46006FDA0F /* Sources */ = {
			isa = PBXSourcesBuildPhase;
			buildActionMask = 2147483647;
			files = (
				AAF886FB27CE8C46006FDA0F /* ViewController.swift in Sources */,
				AAF886F727CE8C46006FDA0F /* AppDelegate.swift in Sources */,
				AAF886F927CE8C46006FDA0F /* SceneDelegate.swift in Sources */,
			);
			runOnlyForDeploymentPostprocessing = 0;
		};
		AAF8870527CE8C49006FDA0F /* Sources */ = {
			isa = PBXSourcesBuildPhase;
			buildActionMask = 2147483647;
			files = (
				AAF8870E27CE8C49006FDA0F /* Lab04QuizTests.swift in Sources */,
			);
			runOnlyForDeploymentPostprocessing = 0;
		};
		AAF8870F27CE8C49006FDA0F /* Sources */ = {
			isa = PBXSourcesBuildPhase;
			buildActionMask = 2147483647;
			files = (
				AAF8871827CE8C49006FDA0F /* Lab04QuizUITests.swift in Sources */,
				AAF8871A27CE8C49006FDA0F /* Lab04QuizUITestsLaunchTests.swift in Sources */,
			);
			runOnlyForDeploymentPostprocessing = 0;
		};
/* End PBXSourcesBuildPhase section */

/* Begin PBXTargetDependency section */
		AAF8870B27CE8C49006FDA0F /* PBXTargetDependency */ = {
			isa = PBXTargetDependency;
			target = AAF886F227CE8C46006FDA0F /* Lab04Quiz */;
			targetProxy = AAF8870A27CE8C49006FDA0F /* PBXContainerItemProxy */;
		};
		AAF8871527CE8C49006FDA0F /* PBXTargetDependency */ = {
			isa = PBXTargetDependency;
			target = AAF886F227CE8C46006FDA0F /* Lab04Quiz */;
			targetProxy = AAF8871427CE8C49006FDA0F /* PBXContainerItemProxy */;
		};
/* End PBXTargetDependency section */

/* Begin PBXVariantGroup section */
		AAF886FC27CE8C46006FDA0F /* Main.storyboard */ = {
			isa = PBXVariantGroup;
			children = (
				AAF886FD27CE8C46006FDA0F /* Base */,
			);
			name = Main.storyboard;
			sourceTree = "<group>";
		};
		AAF8870127CE8C49006FDA0F /* LaunchScreen.storyboard */ = {
			isa = PBXVariantGroup;
			children = (
				AAF8870227CE8C49006FDA0F /* Base */,
			);
			name = LaunchScreen.storyboard;
			sourceTree = "<group>";
		};
/* End PBXVariantGroup section */

/* Begin XCBuildConfiguration section */
		AAF8871B27CE8C49006FDA0F /* Debug */ = {
			isa = XCBuildConfiguration;
			buildSettings = {
				ALWAYS_SEARCH_USER_PATHS = NO;
				CLANG_ANALYZER_NONNULL = YES;
				CLANG_ANALYZER_NUMBER_OBJECT_CONVERSION = YES_AGGRESSIVE;
				CLANG_CXX_LANGUAGE_STANDARD = "gnu++17";
				CLANG_CXX_LIBRARY = "libc++";
				CLANG_ENABLE_MODULES = YES;
				CLANG_ENABLE_OBJC_ARC = YES;
				CLANG_ENABLE_OBJC_WEAK = YES;
				CLANG_WARN_BLOCK_CAPTURE_AUTORELEASING = YES;
				CLANG_WARN_BOOL_CONVERSION = YES;
				CLANG_WARN_COMMA = YES;
				CLANG_WARN_CONSTANT_CONVERSION = YES;
				CLANG_WARN_DEPRECATED_OBJC_IMPLEMENTATIONS = YES;
				CLANG_WARN_DIRECT_OBJC_ISA_USAGE = YES_ERROR;
				CLANG_WARN_DOCUMENTATION_COMMENTS = YES;
				CLANG_WARN_EMPTY_BODY = YES;
				CLANG_WARN_ENUM_CONVERSION = YES;
				CLANG_WARN_INFINITE_RECURSION = YES;
				CLANG_WARN_INT_CONVERSION = YES;
				CLANG_WARN_NON_LITERAL_NULL_CONVERSION = YES;
				CLANG_WARN_OBJC_IMPLICIT_RETAIN_SELF = YES;
				CLANG_WARN_OBJC_LITERAL_CONVERSION = YES;
				CLANG_WARN_OBJC_ROOT_CLASS = YES_ERROR;
				CLANG_WARN_QUOTED_INCLUDE_IN_FRAMEWORK_HEADER = YES;
				CLANG_WARN_RANGE_LOOP_ANALYSIS = YES;
				CLANG_WARN_STRICT_PROTOTYPES = YES;
				CLANG_WARN_SUSPICIOUS_MOVE = YES;
				CLANG_WARN_UNGUARDED_AVAILABILITY = YES_AGGRESSIVE;
				CLANG_WARN_UNREACHABLE_CODE = YES;
				CLANG_WARN__DUPLICATE_METHOD_MATCH = YES;
				COPY_PHASE_STRIP = NO;
				DEBUG_INFORMATION_FORMAT = dwarf;
				ENABLE_STRICT_OBJC_MSGSEND = YES;
				ENABLE_TESTABILITY = YES;
				GCC_C_LANGUAGE_STANDARD = gnu11;
				GCC_DYNAMIC_NO_PIC = NO;
				GCC_NO_COMMON_BLOCKS = YES;
				GCC_OPTIMIZATION_LEVEL = 0;
				GCC_PREPROCESSOR_DEFINITIONS = (
					"DEBUG=1",
					"$(inherited)",
				);
				GCC_WARN_64_TO_32_BIT_CONVERSION = YES;
				GCC_WARN_ABOUT_RETURN_TYPE = YES_ERROR;
				GCC_WARN_UNDECLARED_SELECTOR = YES;
				GCC_WARN_UNINITIALIZED_AUTOS = YES_AGGRESSIVE;
				GCC_WARN_UNUSED_FUNCTION = YES;
				GCC_WARN_UNUSED_VARIABLE = YES;
				IPHONEOS_DEPLOYMENT_TARGET = 15.2;
				MTL_ENABLE_DEBUG_INFO = INCLUDE_SOURCE;
				MTL_FAST_MATH = YES;
				ONLY_ACTIVE_ARCH = YES;
				SDKROOT = iphoneos;
				SWIFT_ACTIVE_COMPILATION_CONDITIONS = DEBUG;
				SWIFT_OPTIMIZATION_LEVEL = "-Onone";
			};
			name = Debug;
		};
		AAF8871C27CE8C49006FDA0F /* Release */ = {
			isa = XCBuildConfiguration;
			buildSettings = {
				ALWAYS_SEARCH_USER_PATHS = NO;
				CLANG_ANALYZER_NONNULL = YES;
				CLANG_ANALYZER_NUMBER_OBJECT_CONVERSION = YES_AGGRESSIVE;
				CLANG_CXX_LANGUAGE_STANDARD = "gnu++17";
				CLANG_CXX_LIBRARY = "libc++";
				CLANG_ENABLE_MODULES = YES;
				CLANG_ENABLE_OBJC_ARC = YES;
				CLANG_ENABLE_OBJC_WEAK = YES;
				CLANG_WARN_BLOCK_CAPTURE_AUTORELEASING = YES;
				CLANG_WARN_BOOL_CONVERSION = YES;
				CLANG_WARN_COMMA = YES;
				CLANG_WARN_CONSTANT_CONVERSION = YES;
				CLANG_WARN_DEPRECATED_OBJC_IMPLEMENTATIONS = YES;
				CLANG_WARN_DIRECT_OBJC_ISA_USAGE = YES_ERROR;
				CLANG_WARN_DOCUMENTATION_COMMENTS = YES;
				CLANG_WARN_EMPTY_BODY = YES;
				CLANG_WARN_ENUM_CONVERSION = YES;
				CLANG_WARN_INFINITE_RECURSION = YES;
				CLANG_WARN_INT_CONVERSION = YES;
				CLANG_WARN_NON_LITERAL_NULL_CONVERSION = YES;
				CLANG_WARN_OBJC_IMPLICIT_RETAIN_SELF = YES;
				CLANG_WARN_OBJC_LITERAL_CONVERSION = YES;
				CLANG_WARN_OBJC_ROOT_CLASS = YES_ERROR;
				CLANG_WARN_QUOTED_INCLUDE_IN_FRAMEWORK_HEADER = YES;
				CLANG_WARN_RANGE_LOOP_ANALYSIS = YES;
				CLANG_WARN_STRICT_PROTOTYPES = YES;
				CLANG_WARN_SUSPICIOUS_MOVE = YES;
				CLANG_WARN_UNGUARDED_AVAILABILITY = YES_AGGRESSIVE;
				CLANG_WARN_UNREACHABLE_CODE = YES;
				CLANG_WARN__DUPLICATE_METHOD_MATCH = YES;
				COPY_PHASE_STRIP = NO;
				DEBUG_INFORMATION_FORMAT = "dwarf-with-dsym";
				ENABLE_NS_ASSERTIONS = NO;
				ENABLE_STRICT_OBJC_MSGSEND = YES;
				GCC_C_LANGUAGE_STANDARD = gnu11;
				GCC_NO_COMMON_BLOCKS = YES;
				GCC_WARN_64_TO_32_BIT_CONVERSION = YES;
				GCC_WARN_ABOUT_RETURN_TYPE = YES_ERROR;
				GCC_WARN_UNDECLARED_SELECTOR = YES;
				GCC_WARN_UNINITIALIZED_AUTOS = YES_AGGRESSIVE;
				GCC_WARN_UNUSED_FUNCTION = YES;
				GCC_WARN_UNUSED_VARIABLE = YES;
				IPHONEOS_DEPLOYMENT_TARGET = 15.2;
				MTL_ENABLE_DEBUG_INFO = NO;
				MTL_FAST_MATH = YES;
				SDKROOT = iphoneos;
				SWIFT_COMPILATION_MODE = wholemodule;
				SWIFT_OPTIMIZATION_LEVEL = "-O";
				VALIDATE_PRODUCT = YES;
			};
			name = Release;
		};
		AAF8871E27CE8C49006FDA0F /* Debug */ = {
			isa = XCBuildConfiguration;
			buildSettings = {
				ASSETCATALOG_COMPILER_APPICON_NAME = AppIcon;
				ASSETCATALOG_COMPILER_GLOBAL_ACCENT_COLOR_NAME = AccentColor;
				CODE_SIGN_STYLE = Automatic;
				CURRENT_PROJECT_VERSION = 1;
				DEVELOPMENT_TEAM = 35968U3U3Q;
				GENERATE_INFOPLIST_FILE = YES;
				INFOPLIST_FILE = Lab04Quiz/Info.plist;
				INFOPLIST_KEY_UIApplicationSupportsIndirectInputEvents = YES;
				INFOPLIST_KEY_UILaunchStoryboardName = LaunchScreen;
				INFOPLIST_KEY_UIMainStoryboardFile = Main;
				INFOPLIST_KEY_UISupportedInterfaceOrientations = "UIInterfaceOrientationPortrait UIInterfaceOrientationLandscapeLeft UIInterfaceOrientationLandscapeRight";
				INFOPLIST_KEY_UISupportedInterfaceOrientations_iPad = "UIInterfaceOrientationPortrait UIInterfaceOrientationPortraitUpsideDown UIInterfaceOrientationLandscapeLeft UIInterfaceOrientationLandscapeRight";
				INFOPLIST_KEY_UISupportedInterfaceOrientations_iPhone = "UIInterfaceOrientationPortrait UIInterfaceOrientationLandscapeLeft UIInterfaceOrientationLandscapeRight";
				LD_RUNPATH_SEARCH_PATHS = (
					"$(inherited)",
					"@executable_path/Frameworks",
				);
				MARKETING_VERSION = 1.0;
				PRODUCT_BUNDLE_IDENTIFIER = edu.athens.Lab04Quiz;
				PRODUCT_NAME = "$(TARGET_NAME)";
				SWIFT_EMIT_LOC_STRINGS = YES;
				SWIFT_VERSION = 5.0;
				TARGETED_DEVICE_FAMILY = "1,2";
			};
			name = Debug;
		};
		AAF8871F27CE8C49006FDA0F /* Release */ = {
			isa = XCBuildConfiguration;
			buildSettings = {
				ASSETCATALOG_COMPILER_APPICON_NAME = AppIcon;
				ASSETCATALOG_COMPILER_GLOBAL_ACCENT_COLOR_NAME = AccentColor;
				CODE_SIGN_STYLE = Automatic;
				CURRENT_PROJECT_VERSION = 1;
				DEVELOPMENT_TEAM = 35968U3U3Q;
				GENERATE_INFOPLIST_FILE = YES;
				INFOPLIST_FILE = Lab04Quiz/Info.plist;
				INFOPLIST_KEY_UIApplicationSupportsIndirectInputEvents = YES;
				INFOPLIST_KEY_UILaunchStoryboardName = LaunchScreen;
				INFOPLIST_KEY_UIMainStoryboardFile = Main;
				INFOPLIST_KEY_UISupportedInterfaceOrientations = "UIInterfaceOrientationPortrait UIInterfaceOrientationLandscapeLeft UIInterfaceOrientationLandscapeRight";
				INFOPLIST_KEY_UISupportedInterfaceOrientations_iPad = "UIInterfaceOrientationPortrait UIInterfaceOrientationPortraitUpsideDown UIInterfaceOrientationLandscapeLeft UIInterfaceOrientationLandscapeRight";
				INFOPLIST_KEY_UISupportedInterfaceOrientations_iPhone = "UIInterfaceOrientationPortrait UIInterfaceOrientationLandscapeLeft UIInterfaceOrientationLandscapeRight";
				LD_RUNPATH_SEARCH_PATHS = (
					"$(inherited)",
					"@executable_path/Frameworks",
				);
				MARKETING_VERSION = 1.0;
				PRODUCT_BUNDLE_IDENTIFIER = edu.athens.Lab04Quiz;
				PRODUCT_NAME = "$(TARGET_NAME)";
				SWIFT_EMIT_LOC_STRINGS = YES;
				SWIFT_VERSION = 5.0;
				TARGETED_DEVICE_FAMILY = "1,2";
			};
			name = Release;
		};
		AAF8872127CE8C49006FDA0F /* Debug */ = {
			isa = XCBuildConfiguration;
			buildSettings = {
				ALWAYS_EMBED_SWIFT_STANDARD_LIBRARIES = YES;
				BUNDLE_LOADER = "$(TEST_HOST)";
				CODE_SIGN_STYLE = Automatic;
				CURRENT_PROJECT_VERSION = 1;
				DEVELOPMENT_TEAM = 35968U3U3Q;
				GENERATE_INFOPLIST_FILE = YES;
				IPHONEOS_DEPLOYMENT_TARGET = 15.2;
				MARKETING_VERSION = 1.0;
				PRODUCT_BUNDLE_IDENTIFIER = edu.athens.Lab04QuizTests;
				PRODUCT_NAME = "$(TARGET_NAME)";
				SWIFT_EMIT_LOC_STRINGS = NO;
				SWIFT_VERSION = 5.0;
				TARGETED_DEVICE_FAMILY = "1,2";
				TEST_HOST = "$(BUILT_PRODUCTS_DIR)/Lab04Quiz.app/Lab04Quiz";
			};
			name = Debug;
		};
		AAF8872227CE8C49006FDA0F /* Release */ = {
			isa = XCBuildConfiguration;
			buildSettings = {
				ALWAYS_EMBED_SWIFT_STANDARD_LIBRARIES = YES;
				BUNDLE_LOADER = "$(TEST_HOST)";
				CODE_SIGN_STYLE = Automatic;
				CURRENT_PROJECT_VERSION = 1;
				DEVELOPMENT_TEAM = 35968U3U3Q;
				GENERATE_INFOPLIST_FILE = YES;
				IPHONEOS_DEPLOYMENT_TARGET = 15.2;
				MARKETING_VERSION = 1.0;
				PRODUCT_BUNDLE_IDENTIFIER = edu.athens.Lab04QuizTests;
				PRODUCT_NAME = "$(TARGET_NAME)";
				SWIFT_EMIT_LOC_STRINGS = NO;
				SWIFT_VERSION = 5.0;
				TARGETED_DEVICE_FAMILY = "1,2";
				TEST_HOST = "$(BUILT_PRODUCTS_DIR)/Lab04Quiz.app/Lab04Quiz";
			};
			name = Release;
		};
		AAF8872427CE8C49006FDA0F /* Debug */ = {
			isa = XCBuildConfiguration;
			buildSettings = {
				ALWAYS_EMBED_SWIFT_STANDARD_LIBRARIES = YES;
				CODE_SIGN_STYLE = Automatic;
				CURRENT_PROJECT_VERSION = 1;
				DEVELOPMENT_TEAM = 35968U3U3Q;
				GENERATE_INFOPLIST_FILE = YES;
				MARKETING_VERSION = 1.0;
				PRODUCT_BUNDLE_IDENTIFIER = edu.athens.Lab04QuizUITests;
				PRODUCT_NAME = "$(TARGET_NAME)";
				SWIFT_EMIT_LOC_STRINGS = NO;
				SWIFT_VERSION = 5.0;
				TARGETED_DEVICE_FAMILY = "1,2";
				TEST_TARGET_NAME = Lab04Quiz;
			};
			name = Debug;
		};
		AAF8872527CE8C49006FDA0F /* Release */ = {
			isa = XCBuildConfiguration;
			buildSettings = {
				ALWAYS_EMBED_SWIFT_STANDARD_LIBRARIES = YES;
				CODE_SIGN_STYLE = Automatic;
				CURRENT_PROJECT_VERSION = 1;
				DEVELOPMENT_TEAM = 35968U3U3Q;
				GENERATE_INFOPLIST_FILE = YES;
				MARKETING_VERSION = 1.0;
				PRODUCT_BUNDLE_IDENTIFIER = edu.athens.Lab04QuizUITests;
				PRODUCT_NAME = "$(TARGET_NAME)";
				SWIFT_EMIT_LOC_STRINGS = NO;
				SWIFT_VERSION = 5.0;
				TARGETED_DEVICE_FAMILY = "1,2";
				TEST_TARGET_NAME = Lab04Quiz;
			};
			name = Release;
		};
/* End XCBuildConfiguration section */

/* Begin XCConfigurationList section */
		AAF886EE27CE8C46006FDA0F /* Build configuration list for PBXProject "Lab04Quiz" */ = {
			isa = XCConfigurationList;
			buildConfigurations = (
				AAF8871B27CE8C49006FDA0F /* Debug */,
				AAF8871C27CE8C49006FDA0F /* Release */,
			);
			defaultConfigurationIsVisible = 0;
			defaultConfigurationName = Release;
		};
		AAF8871D27CE8C49006FDA0F /* Build configuration list for PBXNativeTarget "Lab04Quiz" */ = {
			isa = XCConfigurationList;
			buildConfigurations = (
				AAF8871E27CE8C49006FDA0F /* Debug */,
				AAF8871F27CE8C49006FDA0F /* Release */,
			);
			defaultConfigurationIsVisible = 0;
			defaultConfigurationName = Release;
		};
		AAF8872027CE8C49006FDA0F /* Build configuration list for PBXNativeTarget "Lab04QuizTests" */ = {
			isa = XCConfigurationList;
			buildConfigurations = (
				AAF8872127CE8C49006FDA0F /* Debug */,
				AAF8872227CE8C49006FDA0F /* Release */,
			);
			defaultConfigurationIsVisible = 0;
			defaultConfigurationName = Release;
		};
		AAF8872327CE8C49006FDA0F /* Build configuration list for PBXNativeTarget "Lab04QuizUITests" */ = {
			isa = XCConfigurationList;
			buildConfigurations = (
				AAF8872427CE8C49006FDA0F /* Debug */,
				AAF8872527CE8C49006FDA0F /* Release */,
			);
			defaultConfigurationIsVisible = 0;
			defaultConfigurationName = Release;
		};
/* End XCConfigurationList section */
	};
	rootObject = AAF886EB27CE8C46006FDA0F /* Project object */;
}
